<Solution>
  <Project Path="day_1_1/day_1_1.fsproj" />
  <Project Path="day_1_2/day_1_2.fsproj" />
  <Project Path="day_2_1/day_2_1.fsproj" />
  <Project Path="day_2_2/day_2_2.fsproj" Id="100d0534-9027-4db6-a3fc-666ae2be4705" />
  <Project Path="day_3_1/day_3_1.fsproj" Id="5c6df76b-0f4f-4694-97ce-fe96d3af9ede" />
  <Project Path="day_3_2/day_3_2.fsproj" Id="2121f760-c32d-4386-9ed1-05f2d878b612" />
  <Project Path="day_4_1/day_4_1.fsproj" Id="e5bfeeb6-c340-4530-bb2c-d9dbad345d89" />
  <Project Path="day_4_2/day_4_2.fsproj" Id="e2f338f2-1cc1-4d85-8fdd-0927f6ee076d" />
  <Project Path="day_5_1/day_5_1.fsproj" Id="7e5fe243-3a3b-4b14-83df-9b61e55dec4b" />
  <Project Path="day_5_2/day_5_2.fsproj" Id="2d61712f-eb28-45aa-a1fa-8f6603157f56" />
  <Project Path="day_6_1/day_6_1.fsproj" />
  <Project Path="day_6_2/day_6_2.fsproj" Id="58e9db76-8463-42a4-8f8d-b2487cd97fb5" />
  <Project Path="day_7_1/day_7_1.fsproj" Id="17732ffe-24fe-4e76-8d99-53b47646b3b7" />
  <Project Path="day_7_2/day_7_2.fsproj" Id="13086f09-ce62-4fd1-a24d-ef8ffb1062c5" />
  <Project Path="day_8_1/day_8_1.fsproj" Id="372412fc-d888-4894-8dd9-72465f8414b9" />
  <Project Path="day_8_2/day_8_2.fsproj" Id="b13fe16f-2e4b-4c5a-91b0-02677834c136" />
</Solution>
